
Microsoft Visual Studio Solution File, Format Version 12.00
# Visual Studio 15
VisualStudioVersion = 15.0.28307.438
MinimumVisualStudioVersion = 10.0.40219.1
Project("{FAE04EC0-301F-11D3-BF4B-00C04F79EFBC}") = "ExcelGosti", "ExcelGosti\ExcelGosti.csproj", "{31E2D020-9FA6-4F4E-98D1-89DE96A1A772}"
EndProject
Global
	GlobalSection(SolutionConfigurationPlatforms) = preSolution
		Debug|Any CPU = Debug|Any CPU
		Release|Any CPU = Release|Any CPU
	EndGlobalSection
	GlobalSection(ProjectConfigurationPlatforms) = postSolution
		{31E2D020-9FA6-4F4E-98D1-89DE96A1A772}.Debug|Any CPU.ActiveCfg = Debug|Any CPU
		{31E2D020-9FA6-4F4E-98D1-89DE96A1A772}.Debug|Any CPU.Build.0 = Debug|Any CPU
		{31E2D020-9FA6-4F4E-98D1-89DE96A1A772}.Release|Any CPU.ActiveCfg = Release|Any CPU
		{31E2D020-9FA6-4F4E-98D1-89DE96A1A772}.Release|Any CPU.Build.0 = Release|Any CPU
	EndGlobalSection
	GlobalSection(SolutionProperties) = preSolution
		HideSolutionNode = FALSE
	EndGlobalSection
	GlobalSection(ExtensibilityGlobals) = postSolution
		SolutionGuid = {B5A664C4-58BA-4958-BF45-DAB86F6EC204}
	EndGlobalSection
EndGlobal
